
Microsoft Visual Studio Solution File, Format Version 12.00
# Visual Studio Version 16
VisualStudioVersion = 16.0.31515.178
MinimumVisualStudioVersion = 10.0.40219.1
Project("{FAE04EC0-301F-11D3-BF4B-00C04F79EFBC}") = "SaltedSecuredHashAlgorithm", "SaltedSecuredHashAlgorithm.csproj", "{6CEC7BD3-661D-43A9-846A-1B04550EA7CB}"
EndProject
Global
	GlobalSection(SolutionConfigurationPlatforms) = preSolution
		Debug|Any CPU = Debug|Any CPU
		Release|Any CPU = Release|Any CPU
	EndGlobalSection
	GlobalSection(ProjectConfigurationPlatforms) = postSolution
		{6CEC7BD3-661D-43A9-846A-1B04550EA7CB}.Debug|Any CPU.ActiveCfg = Debug|Any CPU
		{6CEC7BD3-661D-43A9-846A-1B04550EA7CB}.Debug|Any CPU.Build.0 = Debug|Any CPU
		{6CEC7BD3-661D-43A9-846A-1B04550EA7CB}.Release|Any CPU.ActiveCfg = Release|Any CPU
		{6CEC7BD3-661D-43A9-846A-1B04550EA7CB}.Release|Any CPU.Build.0 = Release|Any CPU
	EndGlobalSection
	GlobalSection(SolutionProperties) = preSolution
		HideSolutionNode = FALSE
	EndGlobalSection
	GlobalSection(ExtensibilityGlobals) = postSolution
		SolutionGuid = {99F0B68E-26CA-434F-AA8A-CAF8BD9131A7}
	EndGlobalSection
EndGlobal
